
Microsoft Visual Studio Solution File, Format Version 12.00
Project("{FAE04EC0-301F-11D3-BF4B-00C04F79EFBC}") = "FinShark.API", "FinShark.API\FinShark.API.csproj", "{6B914C37-6AF4-4E5B-8B4E-72F5372352C5}"
EndProject
Project("{2150E333-8FDC-42A3-9474-1A3956D46DE8}") = "Solution Items", "Solution Items", "{A3A0A5E5-476E-4038-8533-F7DCEE7D0F02}"
	ProjectSection(SolutionItems) = preProject
		compose.yaml = compose.yaml
		Makefile = Makefile
	EndProjectSection
EndProject
Project("{FAE04EC0-301F-11D3-BF4B-00C04F79EFBC}") = "Sandbox", "Sandbox\Sandbox.csproj", "{DDA9B65A-FCEE-4EC0-AEAE-269D193FFAB2}"
EndProject
Project("{FAE04EC0-301F-11D3-BF4B-00C04F79EFBC}") = "UnitTestConsoleApp", "UnitTestConsoleApp\UnitTestConsoleApp.csproj", "{D193B258-B75A-490C-80D5-67E0BCDD77D1}"
EndProject
Project("{FAE04EC0-301F-11D3-BF4B-00C04F79EFBC}") = "NetworkUtility", "NetworkUtility\NetworkUtility.csproj", "{5E6AF169-AAC1-4D5E-8056-103DAAA7FE2F}"
EndProject
Project("{FAE04EC0-301F-11D3-BF4B-00C04F79EFBC}") = "NetworkUtility.Tests", "NetworkUtility.Tests\NetworkUtility.Tests.csproj", "{278B0A0F-8563-41E4-AF0F-E70B786A1F53}"
EndProject
Project("{FAE04EC0-301F-11D3-BF4B-00C04F79EFBC}") = "FinShark.API.Tests", "FinShark.API.Tests\FinShark.API.Tests.csproj", "{4EA73F9C-2D8D-4450-A59C-67C9494551BE}"
EndProject
Global
	GlobalSection(SolutionConfigurationPlatforms) = preSolution
		Debug|Any CPU = Debug|Any CPU
		Release|Any CPU = Release|Any CPU
	EndGlobalSection
	GlobalSection(ProjectConfigurationPlatforms) = postSolution
		{6B914C37-6AF4-4E5B-8B4E-72F5372352C5}.Debug|Any CPU.ActiveCfg = Debug|Any CPU
		{6B914C37-6AF4-4E5B-8B4E-72F5372352C5}.Debug|Any CPU.Build.0 = Debug|Any CPU
		{6B914C37-6AF4-4E5B-8B4E-72F5372352C5}.Release|Any CPU.ActiveCfg = Release|Any CPU
		{6B914C37-6AF4-4E5B-8B4E-72F5372352C5}.Release|Any CPU.Build.0 = Release|Any CPU
		{DDA9B65A-FCEE-4EC0-AEAE-269D193FFAB2}.Debug|Any CPU.ActiveCfg = Debug|Any CPU
		{DDA9B65A-FCEE-4EC0-AEAE-269D193FFAB2}.Debug|Any CPU.Build.0 = Debug|Any CPU
		{DDA9B65A-FCEE-4EC0-AEAE-269D193FFAB2}.Release|Any CPU.ActiveCfg = Release|Any CPU
		{DDA9B65A-FCEE-4EC0-AEAE-269D193FFAB2}.Release|Any CPU.Build.0 = Release|Any CPU
		{D193B258-B75A-490C-80D5-67E0BCDD77D1}.Debug|Any CPU.ActiveCfg = Debug|Any CPU
		{D193B258-B75A-490C-80D5-67E0BCDD77D1}.Debug|Any CPU.Build.0 = Debug|Any CPU
		{D193B258-B75A-490C-80D5-67E0BCDD77D1}.Release|Any CPU.ActiveCfg = Release|Any CPU
		{D193B258-B75A-490C-80D5-67E0BCDD77D1}.Release|Any CPU.Build.0 = Release|Any CPU
		{5E6AF169-AAC1-4D5E-8056-103DAAA7FE2F}.Debug|Any CPU.ActiveCfg = Debug|Any CPU
		{5E6AF169-AAC1-4D5E-8056-103DAAA7FE2F}.Debug|Any CPU.Build.0 = Debug|Any CPU
		{5E6AF169-AAC1-4D5E-8056-103DAAA7FE2F}.Release|Any CPU.ActiveCfg = Release|Any CPU
		{5E6AF169-AAC1-4D5E-8056-103DAAA7FE2F}.Release|Any CPU.Build.0 = Release|Any CPU
		{278B0A0F-8563-41E4-AF0F-E70B786A1F53}.Debug|Any CPU.ActiveCfg = Debug|Any CPU
		{278B0A0F-8563-41E4-AF0F-E70B786A1F53}.Debug|Any CPU.Build.0 = Debug|Any CPU
		{278B0A0F-8563-41E4-AF0F-E70B786A1F53}.Release|Any CPU.ActiveCfg = Release|Any CPU
		{278B0A0F-8563-41E4-AF0F-E70B786A1F53}.Release|Any CPU.Build.0 = Release|Any CPU
		{4EA73F9C-2D8D-4450-A59C-67C9494551BE}.Debug|Any CPU.ActiveCfg = Debug|Any CPU
		{4EA73F9C-2D8D-4450-A59C-67C9494551BE}.Debug|Any CPU.Build.0 = Debug|Any CPU
		{4EA73F9C-2D8D-4450-A59C-67C9494551BE}.Release|Any CPU.ActiveCfg = Release|Any CPU
		{4EA73F9C-2D8D-4450-A59C-67C9494551BE}.Release|Any CPU.Build.0 = Release|Any CPU
	EndGlobalSection
EndGlobal
